
Microsoft Visual Studio Solution File, Format Version 12.00
# Visual Studio 15
VisualStudioVersion = 15.0.26730.16
MinimumVisualStudioVersion = 10.0.40219.1
Project("{2150E333-8FDC-42A3-9474-1A3956D46DE8}") = "src", "src", "{E74445DD-28F2-4920-961A-C3778DA73664}"
EndProject
Project("{2150E333-8FDC-42A3-9474-1A3956D46DE8}") = "doc", "doc", "{7B2AAD5E-368D-44EC-9215-418C718128CD}"
	ProjectSection(SolutionItems) = preProject
		.gitignore = .gitignore
		doc\Build_and_Release.txt = doc\Build_and_Release.txt
		doc\Build_definition.json = doc\Build_definition.json
		README.md = README.md
		doc\Release_definition.json = doc\Release_definition.json
	EndProjectSection
EndProject
Project("{2150E333-8FDC-42A3-9474-1A3956D46DE8}") = "deploy", "deploy", "{8E178E6A-3786-4105-87DA-7523E146F09C}"
	ProjectSection(SolutionItems) = preProject
		deploy\azuredeploy.json = deploy\azuredeploy.json
		deploy\azuredeploy.parameters.json = deploy\azuredeploy.parameters.json
		deploy\deploy-initial.ps1 = deploy\deploy-initial.ps1
		deploy\deploy.ps1 = deploy\deploy.ps1
	EndProjectSection
EndProject
Project("{2150E333-8FDC-42A3-9474-1A3956D46DE8}") = "test", "test", "{70D80D12-0F5B-4966-9543-5304131A9000}"
EndProject
Project("{FAE04EC0-301F-11D3-BF4B-00C04F79EFBC}") = "WebApp", "src\WebApp\WebApp.csproj", "{0A2620EF-80FF-46E6-A420-C647EE9D6FD7}"
EndProject
Project("{2150E333-8FDC-42A3-9474-1A3956D46DE8}") = "DSC", "DSC", "{37B0E388-9B6F-41A1-9C50-9257D26395EA}"
	ProjectSection(SolutionItems) = preProject
		deploy\DSC\dscExtension.ps1 = deploy\DSC\dscExtension.ps1
	EndProjectSection
EndProject
Project("{FAE04EC0-301F-11D3-BF4B-00C04F79EFBC}") = "WebAppClient", "src\WebAppClient\WebAppClient.csproj", "{4C9E3CCE-630B-4F49-9797-461B97BC2371}"
	ProjectSection(ProjectDependencies) = postProject
		{0A2620EF-80FF-46E6-A420-C647EE9D6FD7} = {0A2620EF-80FF-46E6-A420-C647EE9D6FD7}
	EndProjectSection
EndProject
Project("{2150E333-8FDC-42A3-9474-1A3956D46DE8}") = "SSRS", "SSRS", "{507854B9-8471-4D1C-8CB1-944D7C441067}"
	ProjectSection(SolutionItems) = preProject
		deploy\SSRS\configure-SSRS.ps1 = deploy\SSRS\configure-SSRS.ps1
		deploy\SSRS\EmployeesReport.rdl = deploy\SSRS\EmployeesReport.rdl
		deploy\SSRS\PublishReport.rss = deploy\SSRS\PublishReport.rss
	EndProjectSection
EndProject
Global
	GlobalSection(SolutionConfigurationPlatforms) = preSolution
		Debug|Any CPU = Debug|Any CPU
		Release|Any CPU = Release|Any CPU
	EndGlobalSection
	GlobalSection(ProjectConfigurationPlatforms) = postSolution
		{0A2620EF-80FF-46E6-A420-C647EE9D6FD7}.Debug|Any CPU.ActiveCfg = Debug|Any CPU
		{0A2620EF-80FF-46E6-A420-C647EE9D6FD7}.Debug|Any CPU.Build.0 = Debug|Any CPU
		{0A2620EF-80FF-46E6-A420-C647EE9D6FD7}.Release|Any CPU.ActiveCfg = Release|Any CPU
		{0A2620EF-80FF-46E6-A420-C647EE9D6FD7}.Release|Any CPU.Build.0 = Release|Any CPU
		{4C9E3CCE-630B-4F49-9797-461B97BC2371}.Debug|Any CPU.ActiveCfg = Debug|Any CPU
		{4C9E3CCE-630B-4F49-9797-461B97BC2371}.Debug|Any CPU.Build.0 = Debug|Any CPU
		{4C9E3CCE-630B-4F49-9797-461B97BC2371}.Release|Any CPU.ActiveCfg = Release|Any CPU
		{4C9E3CCE-630B-4F49-9797-461B97BC2371}.Release|Any CPU.Build.0 = Release|Any CPU
	EndGlobalSection
	GlobalSection(SolutionProperties) = preSolution
		HideSolutionNode = FALSE
	EndGlobalSection
	GlobalSection(NestedProjects) = preSolution
		{0A2620EF-80FF-46E6-A420-C647EE9D6FD7} = {E74445DD-28F2-4920-961A-C3778DA73664}
		{37B0E388-9B6F-41A1-9C50-9257D26395EA} = {8E178E6A-3786-4105-87DA-7523E146F09C}
		{4C9E3CCE-630B-4F49-9797-461B97BC2371} = {E74445DD-28F2-4920-961A-C3778DA73664}
		{507854B9-8471-4D1C-8CB1-944D7C441067} = {8E178E6A-3786-4105-87DA-7523E146F09C}
	EndGlobalSection
	GlobalSection(ExtensibilityGlobals) = postSolution
		SolutionGuid = {50016E01-54E3-4549-854D-A1CBFE2ED705}
	EndGlobalSection
EndGlobal
